
Microsoft Visual Studio Solution File, Format Version 12.00
# Visual Studio Version 17
VisualStudioVersion = 17.11.35327.3
MinimumVisualStudioVersion = 10.0.40219.1
Project("{9A19103F-16F7-4668-BE54-9A1E7A4F7556}") = "Semester_Project", "Semester_Project\Semester_Project.csproj", "{68A7B6B0-44ED-4ABA-B6C0-F7241308D08A}"
EndProject
Global
	GlobalSection(SolutionConfigurationPlatforms) = preSolution
		Debug|Any CPU = Debug|Any CPU
		Release|Any CPU = Release|Any CPU
	EndGlobalSection
	GlobalSection(ProjectConfigurationPlatforms) = postSolution
		{68A7B6B0-44ED-4ABA-B6C0-F7241308D08A}.Debug|Any CPU.ActiveCfg = Debug|Any CPU
		{68A7B6B0-44ED-4ABA-B6C0-F7241308D08A}.Debug|Any CPU.Build.0 = Debug|Any CPU
		{68A7B6B0-44ED-4ABA-B6C0-F7241308D08A}.Release|Any CPU.ActiveCfg = Release|Any CPU
		{68A7B6B0-44ED-4ABA-B6C0-F7241308D08A}.Release|Any CPU.Build.0 = Release|Any CPU
	EndGlobalSection
	GlobalSection(SolutionProperties) = preSolution
		HideSolutionNode = FALSE
	EndGlobalSection
	GlobalSection(ExtensibilityGlobals) = postSolution
		SolutionGuid = {7C6CF59A-6907-425C-B43D-F9FF41F45D35}
	EndGlobalSection
EndGlobal
